
Microsoft Visual Studio Solution File, Format Version 12.00
# Visual Studio Version 17
VisualStudioVersion = 17.3.32825.248
MinimumVisualStudioVersion = 10.0.40219.1
Project("{9A19103F-16F7-4668-BE54-9A1E7A4F7556}") = "Lab1_prn", "Lab1_prn\Lab1_prn.csproj", "{59D007CC-85A3-4575-9CA7-78024625D8BA}"
EndProject
Project("{9A19103F-16F7-4668-BE54-9A1E7A4F7556}") = "Lab2_prn", "Lab2_prn\Lab2_prn.csproj", "{6E79ACAC-7B4E-4AD2-9F0B-36A74F7D8276}"
EndProject
Global
	GlobalSection(SolutionConfigurationPlatforms) = preSolution
		Debug|Any CPU = Debug|Any CPU
		Release|Any CPU = Release|Any CPU
	EndGlobalSection
	GlobalSection(ProjectConfigurationPlatforms) = postSolution
		{59D007CC-85A3-4575-9CA7-78024625D8BA}.Debug|Any CPU.ActiveCfg = Debug|Any CPU
		{59D007CC-85A3-4575-9CA7-78024625D8BA}.Debug|Any CPU.Build.0 = Debug|Any CPU
		{59D007CC-85A3-4575-9CA7-78024625D8BA}.Release|Any CPU.ActiveCfg = Release|Any CPU
		{59D007CC-85A3-4575-9CA7-78024625D8BA}.Release|Any CPU.Build.0 = Release|Any CPU
		{6E79ACAC-7B4E-4AD2-9F0B-36A74F7D8276}.Debug|Any CPU.ActiveCfg = Debug|Any CPU
		{6E79ACAC-7B4E-4AD2-9F0B-36A74F7D8276}.Debug|Any CPU.Build.0 = Debug|Any CPU
		{6E79ACAC-7B4E-4AD2-9F0B-36A74F7D8276}.Release|Any CPU.ActiveCfg = Release|Any CPU
		{6E79ACAC-7B4E-4AD2-9F0B-36A74F7D8276}.Release|Any CPU.Build.0 = Release|Any CPU
	EndGlobalSection
	GlobalSection(SolutionProperties) = preSolution
		HideSolutionNode = FALSE
	EndGlobalSection
	GlobalSection(ExtensibilityGlobals) = postSolution
		SolutionGuid = {7B5D4598-2D3F-4752-86D5-2B74B3539F9D}
	EndGlobalSection
EndGlobal
